// !$*UTF8*$!
{
	archiveVersion = 1;
	classes = {
	};
	objectVersion = 56;
	objects = {

/* Begin PBXBuildFile section */
		8A1B2C3D0000000000000001 /* DummyApp.swift in Sources */ = {isa = PBXBuildFile; fileRef = 7A1B2C3D0000000000000001 /* DummyApp.swift */; };
		8A1B2C3D0000000000000002 /* VoxFlowHappyPathTests.swift in Sources */ = {isa = PBXBuildFile; fileRef = 7A1B2C3D0000000000000002 /* VoxFlowHappyPathTests.swift */; };
		8A1B2C3D0000000000000003 /* TestEnvironment.swift in Sources */ = {isa = PBXBuildFile; fileRef = 7A1B2C3D0000000000000003 /* TestEnvironment.swift */; };
		8A1B2C3D0000000000000004 /* BridgeClient.swift in Sources */ = {isa = PBXBuildFile; fileRef = 7A1B2C3D0000000000000006 /* BridgeClient.swift */; };
/* End PBXBuildFile section */

/* Begin PBXContainerItemProxy section */
		5C1B2C3D0000000000000001 /* PBXContainerItemProxy */ = {
			isa = PBXContainerItemProxy;
			containerPortal = 4A1B2C3D0000000000000001 /* Project object */;
			proxyType = 1;
			remoteGlobalIDString = 5A1B2C3D0000000000000001;
			remoteInfo = DummyApp;
		};
/* End PBXContainerItemProxy section */

/* Begin PBXFileReference section */
		7A1B2C3D0000000000000001 /* DummyApp.swift */ = {isa = PBXFileReference; lastKnownFileType = sourcecode.swift; path = DummyApp.swift; sourceTree = "<group>"; };
		7A1B2C3D0000000000000002 /* VoxFlowHappyPathTests.swift */ = {isa = PBXFileReference; lastKnownFileType = sourcecode.swift; path = VoxFlowHappyPathTests.swift; sourceTree = "<group>"; };
		7A1B2C3D0000000000000003 /* TestEnvironment.swift */ = {isa = PBXFileReference; lastKnownFileType = sourcecode.swift; path = TestEnvironment.swift; sourceTree = "<group>"; };
		7A1B2C3D0000000000000004 /* DummyApp.app */ = {isa = PBXFileReference; explicitFileType = wrapper.application; includeInIndex = 0; path = DummyApp.app; sourceTree = BUILT_PRODUCTS_DIR; };
		7A1B2C3D0000000000000005 /* VoxFlowXcUiTests.xctest */ = {isa = PBXFileReference; explicitFileType = wrapper.cfbundle; includeInIndex = 0; path = VoxFlowXcUiTests.xctest; sourceTree = BUILT_PRODUCTS_DIR; };
		7A1B2C3D0000000000000006 /* BridgeClient.swift */ = {isa = PBXFileReference; lastKnownFileType = sourcecode.swift; path = BridgeClient.swift; sourceTree = "<group>"; };
		7A1B2C3D0000000000000007 /* VoxFlowXcUiTests.entitlements */ = {isa = PBXFileReference; lastKnownFileType = text.plist.entitlements; path = VoxFlowXcUiTests.entitlements; sourceTree = "<group>"; };
/* End PBXFileReference section */

/* Begin PBXFrameworksBuildPhase section */
		9B1B2C3D0000000000000001 /* Frameworks */ = {
			isa = PBXFrameworksBuildPhase;
			buildActionMask = 2147483647;
			files = (
			);
			runOnlyForDeploymentPostprocessing = 0;
		};
		9B1B2C3D0000000000000002 /* Frameworks */ = {
			isa = PBXFrameworksBuildPhase;
			buildActionMask = 2147483647;
			files = (
			);
			runOnlyForDeploymentPostprocessing = 0;
		};
/* End PBXFrameworksBuildPhase section */

/* Begin PBXGroup section */
		6A1B2C3D0000000000000001 = {
			isa = PBXGroup;
			children = (
				6A1B2C3D0000000000000002 /* DummyApp */,
				6A1B2C3D0000000000000003 /* VoxFlowXcUiTests */,
				6A1B2C3D0000000000000004 /* Products */,
			);
			sourceTree = "<group>";
		};
		6A1B2C3D0000000000000002 /* DummyApp */ = {
			isa = PBXGroup;
			children = (
				7A1B2C3D0000000000000001 /* DummyApp.swift */,
			);
			path = DummyApp;
			sourceTree = "<group>";
		};
		6A1B2C3D0000000000000003 /* VoxFlowXcUiTests */ = {
			isa = PBXGroup;
			children = (
				7A1B2C3D0000000000000002 /* VoxFlowHappyPathTests.swift */,
				7A1B2C3D0000000000000003 /* TestEnvironment.swift */,
				7A1B2C3D0000000000000006 /* BridgeClient.swift */,
				7A1B2C3D0000000000000007 /* VoxFlowXcUiTests.entitlements */,
			);
			path = VoxFlowXcUiTests;
			sourceTree = "<group>";
		};
		6A1B2C3D0000000000000004 /* Products */ = {
			isa = PBXGroup;
			children = (
				7A1B2C3D0000000000000004 /* DummyApp.app */,
				7A1B2C3D0000000000000005 /* VoxFlowXcUiTests.xctest */,
			);
			name = Products;
			sourceTree = "<group>";
		};
/* End PBXGroup section */

/* Begin PBXNativeTarget section */
		5A1B2C3D0000000000000001 /* DummyApp */ = {
			isa = PBXNativeTarget;
			buildConfigurationList = BA1B2C3D0000000000000002 /* Build configuration list for PBXNativeTarget "DummyApp" */;
			buildPhases = (
				9A1B2C3D0000000000000001 /* Sources */,
				9B1B2C3D0000000000000001 /* Frameworks */,
			);
			buildRules = (
			);
			dependencies = (
			);
			name = DummyApp;
			productName = DummyApp;
			productReference = 7A1B2C3D0000000000000004 /* DummyApp.app */;
			productType = "com.apple.product-type.application";
		};
		5A1B2C3D0000000000000002 /* VoxFlowXcUiTests */ = {
			isa = PBXNativeTarget;
			buildConfigurationList = BA1B2C3D0000000000000003 /* Build configuration list for PBXNativeTarget "VoxFlowXcUiTests" */;
			buildPhases = (
				9A1B2C3D0000000000000002 /* Sources */,
				9B1B2C3D0000000000000002 /* Frameworks */,
			);
			buildRules = (
			);
			dependencies = (
				5B1B2C3D0000000000000001 /* PBXTargetDependency */,
			);
			name = VoxFlowXcUiTests;
			productName = VoxFlowXcUiTests;
			productReference = 7A1B2C3D0000000000000005 /* VoxFlowXcUiTests.xctest */;
			productType = "com.apple.product-type.bundle.ui-testing";
		};
/* End PBXNativeTarget section */

/* Begin PBXProject section */
		4A1B2C3D0000000000000001 /* Project object */ = {
			isa = PBXProject;
			attributes = {
				BuildIndependentTargetsInParallel = 1;
				LastSwiftUpdateCheck = 1540;
				LastUpgradeCheck = 1540;
				TargetAttributes = {
					5A1B2C3D0000000000000001 = {
						CreatedOnToolsVersion = 15.4;
					};
					5A1B2C3D0000000000000002 = {
						CreatedOnToolsVersion = 15.4;
						TestTargetID = 5A1B2C3D0000000000000001;
					};
				};
			};
			buildConfigurationList = BA1B2C3D0000000000000001 /* Build configuration list for PBXProject "VoxFlowXcUiTests" */;
			compatibilityVersion = "Xcode 14.0";
			developmentRegion = en;
			hasScannedForEncodings = 0;
			knownRegions = (
				en,
				Base,
			);
			mainGroup = 6A1B2C3D0000000000000001;
			productRefGroup = 6A1B2C3D0000000000000004 /* Products */;
			projectDirPath = "";
			projectRoot = "";
			targets = (
				5A1B2C3D0000000000000001 /* DummyApp */,
				5A1B2C3D0000000000000002 /* VoxFlowXcUiTests */,
			);
		};
/* End PBXProject section */

/* Begin PBXSourcesBuildPhase section */
		9A1B2C3D0000000000000001 /* Sources */ = {
			isa = PBXSourcesBuildPhase;
			buildActionMask = 2147483647;
			files = (
				8A1B2C3D0000000000000001 /* DummyApp.swift in Sources */,
			);
			runOnlyForDeploymentPostprocessing = 0;
		};
		9A1B2C3D0000000000000002 /* Sources */ = {
			isa = PBXSourcesBuildPhase;
			buildActionMask = 2147483647;
			files = (
				8A1B2C3D0000000000000002 /* VoxFlowHappyPathTests.swift in Sources */,
				8A1B2C3D0000000000000003 /* TestEnvironment.swift in Sources */,
				8A1B2C3D0000000000000004 /* BridgeClient.swift in Sources */,
			);
			runOnlyForDeploymentPostprocessing = 0;
		};
/* End PBXSourcesBuildPhase section */

/* Begin PBXTargetDependency section */
		5B1B2C3D0000000000000001 /* PBXTargetDependency */ = {
			isa = PBXTargetDependency;
			target = 5A1B2C3D0000000000000001 /* DummyApp */;
			targetProxy = 5C1B2C3D0000000000000001 /* PBXContainerItemProxy */;
		};
/* End PBXTargetDependency section */

/* Begin XCBuildConfiguration section */
		AA1B2C3D0000000000000001 /* Debug */ = {
			isa = XCBuildConfiguration;
			buildSettings = {
				ALWAYS_SEARCH_USER_PATHS = NO;
				CLANG_ENABLE_MODULES = YES;
				DEBUG_INFORMATION_FORMAT = dwarf;
				ENABLE_TESTABILITY = YES;
				GCC_OPTIMIZATION_LEVEL = 0;
				MACOSX_DEPLOYMENT_TARGET = 15.0;
				ONLY_ACTIVE_ARCH = YES;
				SDKROOT = macosx;
				SWIFT_OPTIMIZATION_LEVEL = "-Onone";
				SWIFT_VERSION = 5.0;
			};
			name = Debug;
		};
		AA1B2C3D0000000000000002 /* Release */ = {
			isa = XCBuildConfiguration;
			buildSettings = {
				ALWAYS_SEARCH_USER_PATHS = NO;
				CLANG_ENABLE_MODULES = YES;
				DEBUG_INFORMATION_FORMAT = "dwarf-with-dsym";
				MACOSX_DEPLOYMENT_TARGET = 15.0;
				SDKROOT = macosx;
				SWIFT_COMPILATION_MODE = wholemodule;
				SWIFT_OPTIMIZATION_LEVEL = "-O";
				SWIFT_VERSION = 5.0;
			};
			name = Release;
		};
		AB1B2C3D0000000000000001 /* Debug */ = {
			isa = XCBuildConfiguration;
			buildSettings = {
				CODE_SIGN_STYLE = Automatic;
				COMBINE_HIDPI_IMAGES = YES;
				ENABLE_APP_SANDBOX = NO;
				GENERATE_INFOPLIST_FILE = YES;
				PRODUCT_BUNDLE_IDENTIFIER = com.voxflow.test.dummyhost;
				PRODUCT_NAME = "$(TARGET_NAME)";
			};
			name = Debug;
		};
		AB1B2C3D0000000000000002 /* Release */ = {
			isa = XCBuildConfiguration;
			buildSettings = {
				CODE_SIGN_STYLE = Automatic;
				COMBINE_HIDPI_IMAGES = YES;
				ENABLE_APP_SANDBOX = NO;
				GENERATE_INFOPLIST_FILE = YES;
				PRODUCT_BUNDLE_IDENTIFIER = com.voxflow.test.dummyhost;
				PRODUCT_NAME = "$(TARGET_NAME)";
			};
			name = Release;
		};
		AC1B2C3D0000000000000001 /* Debug */ = {
			isa = XCBuildConfiguration;
			buildSettings = {
				CODE_SIGN_ENTITLEMENTS = VoxFlowXcUiTests/VoxFlowXcUiTests.entitlements;
				CODE_SIGN_STYLE = Automatic;
				ENABLE_APP_SANDBOX = NO;
				GENERATE_INFOPLIST_FILE = YES;
				PRODUCT_BUNDLE_IDENTIFIER = com.voxflow.test.xcuitests;
				PRODUCT_NAME = "$(TARGET_NAME)";
				TEST_TARGET_NAME = DummyApp;
			};
			name = Debug;
		};
		AC1B2C3D0000000000000002 /* Release */ = {
			isa = XCBuildConfiguration;
			buildSettings = {
				CODE_SIGN_ENTITLEMENTS = VoxFlowXcUiTests/VoxFlowXcUiTests.entitlements;
				CODE_SIGN_STYLE = Automatic;
				ENABLE_APP_SANDBOX = NO;
				GENERATE_INFOPLIST_FILE = YES;
				PRODUCT_BUNDLE_IDENTIFIER = com.voxflow.test.xcuitests;
				PRODUCT_NAME = "$(TARGET_NAME)";
				TEST_TARGET_NAME = DummyApp;
			};
			name = Release;
		};
/* End XCBuildConfiguration section */

/* Begin XCConfigurationList section */
		BA1B2C3D0000000000000001 /* Build configuration list for PBXProject "VoxFlowXcUiTests" */ = {
			isa = XCConfigurationList;
			buildConfigurations = (
				AA1B2C3D0000000000000001 /* Debug */,
				AA1B2C3D0000000000000002 /* Release */,
			);
			defaultConfigurationIsVisible = 0;
			defaultConfigurationName = Debug;
		};
		BA1B2C3D0000000000000002 /* Build configuration list for PBXNativeTarget "DummyApp" */ = {
			isa = XCConfigurationList;
			buildConfigurations = (
				AB1B2C3D0000000000000001 /* Debug */,
				AB1B2C3D0000000000000002 /* Release */,
			);
			defaultConfigurationIsVisible = 0;
			defaultConfigurationName = Debug;
		};
		BA1B2C3D0000000000000003 /* Build configuration list for PBXNativeTarget "VoxFlowXcUiTests" */ = {
			isa = XCConfigurationList;
			buildConfigurations = (
				AC1B2C3D0000000000000001 /* Debug */,
				AC1B2C3D0000000000000002 /* Release */,
			);
			defaultConfigurationIsVisible = 0;
			defaultConfigurationName = Debug;
		};
/* End XCConfigurationList section */
	};
	rootObject = 4A1B2C3D0000000000000001 /* Project object */;
}
